
Microsoft Visual Studio Solution File, Format Version 12.00
# Visual Studio Version 16
VisualStudioVersion = 16.0.31321.278
MinimumVisualStudioVersion = 10.0.40219.1
Project("{FAE04EC0-301F-11D3-BF4B-00C04F79EFBC}") = "ConsoleAppTest", "ConsoleAppTest.csproj", "{7C38468B-F611-43F9-AEBB-19B6E4415C68}"
EndProject
Project("{FAE04EC0-301F-11D3-BF4B-00C04F79EFBC}") = "GUIAppTest", "..\GUIAppTest\GUIAppTest.csproj", "{B535C082-5F15-4EE1-8E66-00A93690610B}"
EndProject
Global
	GlobalSection(SolutionConfigurationPlatforms) = preSolution
		Debug|Any CPU = Debug|Any CPU
		Release|Any CPU = Release|Any CPU
	EndGlobalSection
	GlobalSection(ProjectConfigurationPlatforms) = postSolution
		{7C38468B-F611-43F9-AEBB-19B6E4415C68}.Debug|Any CPU.ActiveCfg = Debug|Any CPU
		{7C38468B-F611-43F9-AEBB-19B6E4415C68}.Debug|Any CPU.Build.0 = Debug|Any CPU
		{7C38468B-F611-43F9-AEBB-19B6E4415C68}.Release|Any CPU.ActiveCfg = Release|Any CPU
		{7C38468B-F611-43F9-AEBB-19B6E4415C68}.Release|Any CPU.Build.0 = Release|Any CPU
		{B535C082-5F15-4EE1-8E66-00A93690610B}.Debug|Any CPU.ActiveCfg = Debug|Any CPU
		{B535C082-5F15-4EE1-8E66-00A93690610B}.Debug|Any CPU.Build.0 = Debug|Any CPU
		{B535C082-5F15-4EE1-8E66-00A93690610B}.Release|Any CPU.ActiveCfg = Release|Any CPU
		{B535C082-5F15-4EE1-8E66-00A93690610B}.Release|Any CPU.Build.0 = Release|Any CPU
	EndGlobalSection
	GlobalSection(SolutionProperties) = preSolution
		HideSolutionNode = FALSE
	EndGlobalSection
	GlobalSection(ExtensibilityGlobals) = postSolution
		SolutionGuid = {B3852659-591E-4D1B-B401-6766C828D3FF}
	EndGlobalSection
EndGlobal
